
Microsoft Visual Studio Solution File, Format Version 12.00
# Visual Studio 2013
VisualStudioVersion = 12.0.30501.0
MinimumVisualStudioVersion = 10.0.40219.1
Project("{8BC9CEB8-8B4A-11D0-8D11-00A0C91BC942}") = "MazeSolver_w0237252", "MazeSolver_w0237252\MazeSolver_w0237252.vcxproj", "{36644862-8423-4F05-A152-58C144613D10}"
EndProject
Global
	GlobalSection(TeamFoundationVersionControl) = preSolution
		SccNumberOfProjects = 2
		SccEnterpriseProvider = {4CA58AB2-18FA-4F8D-95D4-32DDF27D184C}
		SccTeamFoundationServer = https://dbas3200cb.visualstudio.com/defaultcollection
		SccLocalPath0 = .
		SccProjectUniqueName1 = MazeSolver_w0237252\\MazeSolver_w0237252.vcxproj
		SccProjectName1 = MazeSolver_w0237252
		SccLocalPath1 = MazeSolver_w0237252
	EndGlobalSection
	GlobalSection(SolutionConfigurationPlatforms) = preSolution
		Debug|Win32 = Debug|Win32
		Release|Win32 = Release|Win32
	EndGlobalSection
	GlobalSection(ProjectConfigurationPlatforms) = postSolution
		{36644862-8423-4F05-A152-58C144613D10}.Debug|Win32.ActiveCfg = Debug|Win32
		{36644862-8423-4F05-A152-58C144613D10}.Debug|Win32.Build.0 = Debug|Win32
		{36644862-8423-4F05-A152-58C144613D10}.Release|Win32.ActiveCfg = Release|Win32
		{36644862-8423-4F05-A152-58C144613D10}.Release|Win32.Build.0 = Release|Win32
	EndGlobalSection
	GlobalSection(SolutionProperties) = preSolution
		HideSolutionNode = FALSE
	EndGlobalSection
EndGlobal
